Microsoft Visual Studio Solution File, Format Version 12.00
# Visual Studio Version 17
VisualStudioVersion = 17.5.2.0
MinimumVisualStudioVersion = 10.0.40219.1
Project("{2150E333-8FDC-42A3-9474-1A3956D46DE8}") = "Level1", "Level1", "{687E35B5-31F9-28D1-BEB4-324D10442881}"
EndProject
Project("{FAE04EC0-301F-11D3-BF4B-00C04F79EFBC}") = "Addition", "Level1\Addition\Addition.csproj", "{48DFBDE1-4BCD-7F47-A1D5-592C9E5872DB}"
EndProject
Project("{FAE04EC0-301F-11D3-BF4B-00C04F79EFBC}") = "Area_of_Circle", "Level1\Area_of_Circle\Area_of_Circle.csproj", "{B416C2F7-05A0-9FA7-4147-70DB1B51DBE2}"
EndProject
Project("{FAE04EC0-301F-11D3-BF4B-00C04F79EFBC}") = "Area_of_Rectangle", "Level1\Area_of_Rectangle\Area_of_Rectangle.csproj", "{416EFD34-F00B-7C2F-2447-677D74E2924D}"
EndProject
Project("{FAE04EC0-301F-11D3-BF4B-00C04F79EFBC}") = "ArmstrogNumber", "Level1\ArmstrogNumber\ArmstrogNumber.csproj", "{EB747278-F5B3-BAEB-7032-BE6E10652D42}"
EndProject
Project("{FAE04EC0-301F-11D3-BF4B-00C04F79EFBC}") = "CheckPrimeNumbers", "Level1\CheckPrimeNumbers\CheckPrimeNumbers.csproj", "{C90F883F-F584-BB21-1865-366696BA618C}"
EndProject
Project("{FAE04EC0-301F-11D3-BF4B-00C04F79EFBC}") = "CompondInterest", "Level1\CompondInterest\CompondInterest.csproj", "{E04FC4DD-F4DF-BC3E-124D-4DFF5514A744}"
EndProject
Project("{FAE04EC0-301F-11D3-BF4B-00C04F79EFBC}") = "Convert_Celsius_Farenhit", "Level1\Convert_Celsius_Farenhit\Convert_Celsius_Farenhit.csproj", "{434790C3-44F4-D8E5-DF00-D66CD6AD9C3D}"
EndProject
Project("{FAE04EC0-301F-11D3-BF4B-00C04F79EFBC}") = "DigitCount", "Level1\DigitCount\DigitCount.csproj", "{665FA737-D95C-31B0-C72D-288839A12D5A}"
EndProject
Project("{FAE04EC0-301F-11D3-BF4B-00C04F79EFBC}") = "Even-Odd", "Level1\Even-Odd\Even-Odd.csproj", "{7545B81A-0105-2A80-4379-E57E2A2B7043}"
EndProject
Project("{FAE04EC0-301F-11D3-BF4B-00C04F79EFBC}") = "factorial", "Level1\factorial\factorial.csproj", "{572FC5AD-AA65-45A2-8280-103D61F31C4D}"
EndProject
Project("{FAE04EC0-301F-11D3-BF4B-00C04F79EFBC}") = "Fibonacci", "Level1\Fibonacci\Fibonacci.csproj", "{C326F3BF-6364-3543-4BCC-9B50A5C55D41}"
EndProject
Project("{FAE04EC0-301F-11D3-BF4B-00C04F79EFBC}") = "GCD_LCM", "Level1\GCD_LCM\GCD_LCM.csproj", "{8157AD4E-CDFE-4952-91B7-121368EA31D1}"
EndProject
Project("{FAE04EC0-301F-11D3-BF4B-00C04F79EFBC}") = "Hello", "Level1\Hello\Hello.csproj", "{ABCD2DDB-6C81-DDB0-FB14-8EDFFABC686D}"
EndProject
Project("{FAE04EC0-301F-11D3-BF4B-00C04F79EFBC}") = "IntegerNumber", "Level1\IntegerNumber\IntegerNumber.csproj", "{0205949E-56CB-743B-C166-B0705D074987}"
EndProject
Project("{FAE04EC0-301F-11D3-BF4B-00C04F79EFBC}") = "LargestNumber", "Level1\LargestNumber\LargestNumber.csproj", "{5979EDE4-7ED3-0E51-0788-4DD56531842F}"
EndProject
Project("{FAE04EC0-301F-11D3-BF4B-00C04F79EFBC}") = "Maximum", "Level1\Maximum\Maximum.csproj", "{D5C23F71-2D0C-5557-5750-4988E8D8C24E}"
EndProject
Project("{FAE04EC0-301F-11D3-BF4B-00C04F79EFBC}") = "MultiplicationTable", "Level1\MultiplicationTable\MultiplicationTable.csproj", "{EC0910EA-6904-2F1F-1773-4F9A5E83BD9D}"
EndProject
Project("{FAE04EC0-301F-11D3-BF4B-00C04F79EFBC}") = "Palindrome", "Level1\Palindrome\Palindrome.csproj", "{FA666C8A-80F0-9775-6CA6-943FA7BB3939}"
EndProject
Project("{FAE04EC0-301F-11D3-BF4B-00C04F79EFBC}") = "PrimeNumbers", "Level1\PrimeNumbers\PrimeNumbers.csproj", "{8CA31DF2-33BE-15CA-67BE-A1FC82C77CB5}"
EndProject
Project("{FAE04EC0-301F-11D3-BF4B-00C04F79EFBC}") = "Print_ASCII_Values", "Level1\Print_ASCII_Values\Print_ASCII_Values.csproj", "{5B19DF72-C38A-D02A-C99F-4BAC4E587CAD}"
EndProject
Project("{FAE04EC0-301F-11D3-BF4B-00C04F79EFBC}") = "ReverseNumber", "Level1\ReverseNumber\ReverseNumber.csproj", "{324B35CA-0900-BBBB-245E-50A996A0E361}"
EndProject
Project("{FAE04EC0-301F-11D3-BF4B-00C04F79EFBC}") = "SimpleInterest", "Level1\SimpleInterest\SimpleInterest.csproj", "{F8467A13-627B-B3DD-3D35-C5A9C7D3E370}"
EndProject
Project("{FAE04EC0-301F-11D3-BF4B-00C04F79EFBC}") = "SumDigit", "Level1\SumDigit\SumDigit.csproj", "{28053069-CEF0-D2DC-CAE4-7E99784617BD}"
EndProject
Project("{FAE04EC0-301F-11D3-BF4B-00C04F79EFBC}") = "SwapNumber", "Level1\SwapNumber\SwapNumber.csproj", "{064804A7-E11D-7B98-99D6-7C2E4923AEF3}"
EndProject
Project("{FAE04EC0-301F-11D3-BF4B-00C04F79EFBC}") = "user-details", "Level1\user-details\user-details.csproj", "{95FA251F-0169-6E39-9547-E0A889EC5827}"
EndProject
Global
	GlobalSection(SolutionConfigurationPlatforms) = preSolution
		Debug|Any CPU = Debug|Any CPU
		Release|Any CPU = Release|Any CPU
	EndGlobalSection
	GlobalSection(ProjectConfigurationPlatforms) = postSolution
		{48DFBDE1-4BCD-7F47-A1D5-592C9E5872DB}.Debug|Any CPU.ActiveCfg = Debug|Any CPU
		{48DFBDE1-4BCD-7F47-A1D5-592C9E5872DB}.Debug|Any CPU.Build.0 = Debug|Any CPU
		{48DFBDE1-4BCD-7F47-A1D5-592C9E5872DB}.Release|Any CPU.ActiveCfg = Release|Any CPU
		{48DFBDE1-4BCD-7F47-A1D5-592C9E5872DB}.Release|Any CPU.Build.0 = Release|Any CPU
		{B416C2F7-05A0-9FA7-4147-70DB1B51DBE2}.Debug|Any CPU.ActiveCfg = Debug|Any CPU
		{B416C2F7-05A0-9FA7-4147-70DB1B51DBE2}.Debug|Any CPU.Build.0 = Debug|Any CPU
		{B416C2F7-05A0-9FA7-4147-70DB1B51DBE2}.Release|Any CPU.ActiveCfg = Release|Any CPU
		{B416C2F7-05A0-9FA7-4147-70DB1B51DBE2}.Release|Any CPU.Build.0 = Release|Any CPU
		{416EFD34-F00B-7C2F-2447-677D74E2924D}.Debug|Any CPU.ActiveCfg = Debug|Any CPU
		{416EFD34-F00B-7C2F-2447-677D74E2924D}.Debug|Any CPU.Build.0 = Debug|Any CPU
		{416EFD34-F00B-7C2F-2447-677D74E2924D}.Release|Any CPU.ActiveCfg = Release|Any CPU
		{416EFD34-F00B-7C2F-2447-677D74E2924D}.Release|Any CPU.Build.0 = Release|Any CPU
		{EB747278-F5B3-BAEB-7032-BE6E10652D42}.Debug|Any CPU.ActiveCfg = Debug|Any CPU
		{EB747278-F5B3-BAEB-7032-BE6E10652D42}.Debug|Any CPU.Build.0 = Debug|Any CPU
		{EB747278-F5B3-BAEB-7032-BE6E10652D42}.Release|Any CPU.ActiveCfg = Release|Any CPU
		{EB747278-F5B3-BAEB-7032-BE6E10652D42}.Release|Any CPU.Build.0 = Release|Any CPU
		{C90F883F-F584-BB21-1865-366696BA618C}.Debug|Any CPU.ActiveCfg = Debug|Any CPU
		{C90F883F-F584-BB21-1865-366696BA618C}.Debug|Any CPU.Build.0 = Debug|Any CPU
		{C90F883F-F584-BB21-1865-366696BA618C}.Release|Any CPU.ActiveCfg = Release|Any CPU
		{C90F883F-F584-BB21-1865-366696BA618C}.Release|Any CPU.Build.0 = Release|Any CPU
		{E04FC4DD-F4DF-BC3E-124D-4DFF5514A744}.Debug|Any CPU.ActiveCfg = Debug|Any CPU
		{E04FC4DD-F4DF-BC3E-124D-4DFF5514A744}.Debug|Any CPU.Build.0 = Debug|Any CPU
		{E04FC4DD-F4DF-BC3E-124D-4DFF5514A744}.Release|Any CPU.ActiveCfg = Release|Any CPU
		{E04FC4DD-F4DF-BC3E-124D-4DFF5514A744}.Release|Any CPU.Build.0 = Release|Any CPU
		{434790C3-44F4-D8E5-DF00-D66CD6AD9C3D}.Debug|Any CPU.ActiveCfg = Debug|Any CPU
		{434790C3-44F4-D8E5-DF00-D66CD6AD9C3D}.Debug|Any CPU.Build.0 = Debug|Any CPU
		{434790C3-44F4-D8E5-DF00-D66CD6AD9C3D}.Release|Any CPU.ActiveCfg = Release|Any CPU
		{434790C3-44F4-D8E5-DF00-D66CD6AD9C3D}.Release|Any CPU.Build.0 = Release|Any CPU
		{665FA737-D95C-31B0-C72D-288839A12D5A}.Debug|Any CPU.ActiveCfg = Debug|Any CPU
		{665FA737-D95C-31B0-C72D-288839A12D5A}.Debug|Any CPU.Build.0 = Debug|Any CPU
		{665FA737-D95C-31B0-C72D-288839A12D5A}.Release|Any CPU.ActiveCfg = Release|Any CPU
		{665FA737-D95C-31B0-C72D-288839A12D5A}.Release|Any CPU.Build.0 = Release|Any CPU
		{7545B81A-0105-2A80-4379-E57E2A2B7043}.Debug|Any CPU.ActiveCfg = Debug|Any CPU
		{7545B81A-0105-2A80-4379-E57E2A2B7043}.Debug|Any CPU.Build.0 = Debug|Any CPU
		{7545B81A-0105-2A80-4379-E57E2A2B7043}.Release|Any CPU.ActiveCfg = Release|Any CPU
		{7545B81A-0105-2A80-4379-E57E2A2B7043}.Release|Any CPU.Build.0 = Release|Any CPU
		{572FC5AD-AA65-45A2-8280-103D61F31C4D}.Debug|Any CPU.ActiveCfg = Debug|Any CPU
		{572FC5AD-AA65-45A2-8280-103D61F31C4D}.Debug|Any CPU.Build.0 = Debug|Any CPU
		{572FC5AD-AA65-45A2-8280-103D61F31C4D}.Release|Any CPU.ActiveCfg = Release|Any CPU
		{572FC5AD-AA65-45A2-8280-103D61F31C4D}.Release|Any CPU.Build.0 = Release|Any CPU
		{C326F3BF-6364-3543-4BCC-9B50A5C55D41}.Debug|Any CPU.ActiveCfg = Debug|Any CPU
		{C326F3BF-6364-3543-4BCC-9B50A5C55D41}.Debug|Any CPU.Build.0 = Debug|Any CPU
		{C326F3BF-6364-3543-4BCC-9B50A5C55D41}.Release|Any CPU.ActiveCfg = Release|Any CPU
		{C326F3BF-6364-3543-4BCC-9B50A5C55D41}.Release|Any CPU.Build.0 = Release|Any CPU
		{8157AD4E-CDFE-4952-91B7-121368EA31D1}.Debug|Any CPU.ActiveCfg = Debug|Any CPU
		{8157AD4E-CDFE-4952-91B7-121368EA31D1}.Debug|Any CPU.Build.0 = Debug|Any CPU
		{8157AD4E-CDFE-4952-91B7-121368EA31D1}.Release|Any CPU.ActiveCfg = Release|Any CPU
		{8157AD4E-CDFE-4952-91B7-121368EA31D1}.Release|Any CPU.Build.0 = Release|Any CPU
		{ABCD2DDB-6C81-DDB0-FB14-8EDFFABC686D}.Debug|Any CPU.ActiveCfg = Debug|Any CPU
		{ABCD2DDB-6C81-DDB0-FB14-8EDFFABC686D}.Debug|Any CPU.Build.0 = Debug|Any CPU
		{ABCD2DDB-6C81-DDB0-FB14-8EDFFABC686D}.Release|Any CPU.ActiveCfg = Release|Any CPU
		{ABCD2DDB-6C81-DDB0-FB14-8EDFFABC686D}.Release|Any CPU.Build.0 = Release|Any CPU
		{0205949E-56CB-743B-C166-B0705D074987}.Debug|Any CPU.ActiveCfg = Debug|Any CPU
		{0205949E-56CB-743B-C166-B0705D074987}.Debug|Any CPU.Build.0 = Debug|Any CPU
		{0205949E-56CB-743B-C166-B0705D074987}.Release|Any CPU.ActiveCfg = Release|Any CPU
		{0205949E-56CB-743B-C166-B0705D074987}.Release|Any CPU.Build.0 = Release|Any CPU
		{5979EDE4-7ED3-0E51-0788-4DD56531842F}.Debug|Any CPU.ActiveCfg = Debug|Any CPU
		{5979EDE4-7ED3-0E51-0788-4DD56531842F}.Debug|Any CPU.Build.0 = Debug|Any CPU
		{5979EDE4-7ED3-0E51-0788-4DD56531842F}.Release|Any CPU.ActiveCfg = Release|Any CPU
		{5979EDE4-7ED3-0E51-0788-4DD56531842F}.Release|Any CPU.Build.0 = Release|Any CPU
		{D5C23F71-2D0C-5557-5750-4988E8D8C24E}.Debug|Any CPU.ActiveCfg = Debug|Any CPU
		{D5C23F71-2D0C-5557-5750-4988E8D8C24E}.Debug|Any CPU.Build.0 = Debug|Any CPU
		{D5C23F71-2D0C-5557-5750-4988E8D8C24E}.Release|Any CPU.ActiveCfg = Release|Any CPU
		{D5C23F71-2D0C-5557-5750-4988E8D8C24E}.Release|Any CPU.Build.0 = Release|Any CPU
		{EC0910EA-6904-2F1F-1773-4F9A5E83BD9D}.Debug|Any CPU.ActiveCfg = Debug|Any CPU
		{EC0910EA-6904-2F1F-1773-4F9A5E83BD9D}.Debug|Any CPU.Build.0 = Debug|Any CPU
		{EC0910EA-6904-2F1F-1773-4F9A5E83BD9D}.Release|Any CPU.ActiveCfg = Release|Any CPU
		{EC0910EA-6904-2F1F-1773-4F9A5E83BD9D}.Release|Any CPU.Build.0 = Release|Any CPU
		{FA666C8A-80F0-9775-6CA6-943FA7BB3939}.Debug|Any CPU.ActiveCfg = Debug|Any CPU
		{FA666C8A-80F0-9775-6CA6-943FA7BB3939}.Debug|Any CPU.Build.0 = Debug|Any CPU
		{FA666C8A-80F0-9775-6CA6-943FA7BB3939}.Release|Any CPU.ActiveCfg = Release|Any CPU
		{FA666C8A-80F0-9775-6CA6-943FA7BB3939}.Release|Any CPU.Build.0 = Release|Any CPU
		{8CA31DF2-33BE-15CA-67BE-A1FC82C77CB5}.Debug|Any CPU.ActiveCfg = Debug|Any CPU
		{8CA31DF2-33BE-15CA-67BE-A1FC82C77CB5}.Debug|Any CPU.Build.0 = Debug|Any CPU
		{8CA31DF2-33BE-15CA-67BE-A1FC82C77CB5}.Release|Any CPU.ActiveCfg = Release|Any CPU
		{8CA31DF2-33BE-15CA-67BE-A1FC82C77CB5}.Release|Any CPU.Build.0 = Release|Any CPU
		{5B19DF72-C38A-D02A-C99F-4BAC4E587CAD}.Debug|Any CPU.ActiveCfg = Debug|Any CPU
		{5B19DF72-C38A-D02A-C99F-4BAC4E587CAD}.Debug|Any CPU.Build.0 = Debug|Any CPU
		{5B19DF72-C38A-D02A-C99F-4BAC4E587CAD}.Release|Any CPU.ActiveCfg = Release|Any CPU
		{5B19DF72-C38A-D02A-C99F-4BAC4E587CAD}.Release|Any CPU.Build.0 = Release|Any CPU
		{324B35CA-0900-BBBB-245E-50A996A0E361}.Debug|Any CPU.ActiveCfg = Debug|Any CPU
		{324B35CA-0900-BBBB-245E-50A996A0E361}.Debug|Any CPU.Build.0 = Debug|Any CPU
		{324B35CA-0900-BBBB-245E-50A996A0E361}.Release|Any CPU.ActiveCfg = Release|Any CPU
		{324B35CA-0900-BBBB-245E-50A996A0E361}.Release|Any CPU.Build.0 = Release|Any CPU
		{F8467A13-627B-B3DD-3D35-C5A9C7D3E370}.Debug|Any CPU.ActiveCfg = Debug|Any CPU
		{F8467A13-627B-B3DD-3D35-C5A9C7D3E370}.Debug|Any CPU.Build.0 = Debug|Any CPU
		{F8467A13-627B-B3DD-3D35-C5A9C7D3E370}.Release|Any CPU.ActiveCfg = Release|Any CPU
		{F8467A13-627B-B3DD-3D35-C5A9C7D3E370}.Release|Any CPU.Build.0 = Release|Any CPU
		{28053069-CEF0-D2DC-CAE4-7E99784617BD}.Debug|Any CPU.ActiveCfg = Debug|Any CPU
		{28053069-CEF0-D2DC-CAE4-7E99784617BD}.Debug|Any CPU.Build.0 = Debug|Any CPU
		{28053069-CEF0-D2DC-CAE4-7E99784617BD}.Release|Any CPU.ActiveCfg = Release|Any CPU
		{28053069-CEF0-D2DC-CAE4-7E99784617BD}.Release|Any CPU.Build.0 = Release|Any CPU
		{064804A7-E11D-7B98-99D6-7C2E4923AEF3}.Debug|Any CPU.ActiveCfg = Debug|Any CPU
		{064804A7-E11D-7B98-99D6-7C2E4923AEF3}.Debug|Any CPU.Build.0 = Debug|Any CPU
		{064804A7-E11D-7B98-99D6-7C2E4923AEF3}.Release|Any CPU.ActiveCfg = Release|Any CPU
		{064804A7-E11D-7B98-99D6-7C2E4923AEF3}.Release|Any CPU.Build.0 = Release|Any CPU
		{95FA251F-0169-6E39-9547-E0A889EC5827}.Debug|Any CPU.ActiveCfg = Debug|Any CPU
		{95FA251F-0169-6E39-9547-E0A889EC5827}.Debug|Any CPU.Build.0 = Debug|Any CPU
		{95FA251F-0169-6E39-9547-E0A889EC5827}.Release|Any CPU.ActiveCfg = Release|Any CPU
		{95FA251F-0169-6E39-9547-E0A889EC5827}.Release|Any CPU.Build.0 = Release|Any CPU
	EndGlobalSection
	GlobalSection(SolutionProperties) = preSolution
		HideSolutionNode = FALSE
	EndGlobalSection
	GlobalSection(NestedProjects) = preSolution
		{48DFBDE1-4BCD-7F47-A1D5-592C9E5872DB} = {687E35B5-31F9-28D1-BEB4-324D10442881}
		{B416C2F7-05A0-9FA7-4147-70DB1B51DBE2} = {687E35B5-31F9-28D1-BEB4-324D10442881}
		{416EFD34-F00B-7C2F-2447-677D74E2924D} = {687E35B5-31F9-28D1-BEB4-324D10442881}
		{EB747278-F5B3-BAEB-7032-BE6E10652D42} = {687E35B5-31F9-28D1-BEB4-324D10442881}
		{C90F883F-F584-BB21-1865-366696BA618C} = {687E35B5-31F9-28D1-BEB4-324D10442881}
		{E04FC4DD-F4DF-BC3E-124D-4DFF5514A744} = {687E35B5-31F9-28D1-BEB4-324D10442881}
		{434790C3-44F4-D8E5-DF00-D66CD6AD9C3D} = {687E35B5-31F9-28D1-BEB4-324D10442881}
		{665FA737-D95C-31B0-C72D-288839A12D5A} = {687E35B5-31F9-28D1-BEB4-324D10442881}
		{7545B81A-0105-2A80-4379-E57E2A2B7043} = {687E35B5-31F9-28D1-BEB4-324D10442881}
		{572FC5AD-AA65-45A2-8280-103D61F31C4D} = {687E35B5-31F9-28D1-BEB4-324D10442881}
		{C326F3BF-6364-3543-4BCC-9B50A5C55D41} = {687E35B5-31F9-28D1-BEB4-324D10442881}
		{8157AD4E-CDFE-4952-91B7-121368EA31D1} = {687E35B5-31F9-28D1-BEB4-324D10442881}
		{ABCD2DDB-6C81-DDB0-FB14-8EDFFABC686D} = {687E35B5-31F9-28D1-BEB4-324D10442881}
		{0205949E-56CB-743B-C166-B0705D074987} = {687E35B5-31F9-28D1-BEB4-324D10442881}
		{5979EDE4-7ED3-0E51-0788-4DD56531842F} = {687E35B5-31F9-28D1-BEB4-324D10442881}
		{D5C23F71-2D0C-5557-5750-4988E8D8C24E} = {687E35B5-31F9-28D1-BEB4-324D10442881}
		{EC0910EA-6904-2F1F-1773-4F9A5E83BD9D} = {687E35B5-31F9-28D1-BEB4-324D10442881}
		{FA666C8A-80F0-9775-6CA6-943FA7BB3939} = {687E35B5-31F9-28D1-BEB4-324D10442881}
		{8CA31DF2-33BE-15CA-67BE-A1FC82C77CB5} = {687E35B5-31F9-28D1-BEB4-324D10442881}
		{5B19DF72-C38A-D02A-C99F-4BAC4E587CAD} = {687E35B5-31F9-28D1-BEB4-324D10442881}
		{324B35CA-0900-BBBB-245E-50A996A0E361} = {687E35B5-31F9-28D1-BEB4-324D10442881}
		{F8467A13-627B-B3DD-3D35-C5A9C7D3E370} = {687E35B5-31F9-28D1-BEB4-324D10442881}
		{28053069-CEF0-D2DC-CAE4-7E99784617BD} = {687E35B5-31F9-28D1-BEB4-324D10442881}
		{064804A7-E11D-7B98-99D6-7C2E4923AEF3} = {687E35B5-31F9-28D1-BEB4-324D10442881}
		{95FA251F-0169-6E39-9547-E0A889EC5827} = {687E35B5-31F9-28D1-BEB4-324D10442881}
	EndGlobalSection
	GlobalSection(ExtensibilityGlobals) = postSolution
		SolutionGuid = {63108440-4B15-433C-B1C9-F58AA912C9B6}
	EndGlobalSection
EndGlobal
